{
    "_meta": {
        "hash": {
            "sha256": "e6d4f50c2da85bce2b08cbfdbb676b70703fd4d6f4798ee482b2aeabab27dc36"
        },
        "pipfile-spec": 6,
        "requires": {
            "python_version": "3.9"
        },
        "sources": [
            {
                "name": "pypi",
                "url": "https://pypi.org/simple",
                "verify_ssl": true
            }
        ]
    },
    "default": {
        "numpy": {
            "hashes": [
                "sha256:00c9fa73a6989895b8815d98300a20ac993c49ac36c8277e8ffeaa3631c0dbbb",
                "sha256:025b497014bc33fc23897859350f284323f32a2fff7654697f5a5fc2a19e9939",
                "sha256:08de8472d9f7571f9d51b27b75e827f5296295fa78817032e84464be8bb905bc",
                "sha256:1964db2d4a00348b7a60ee9d013c8cb0c566644a589eaa80995126eac3b99ced",
                "sha256:2a9add27d7fc0fdb572abc3b2486eb3b1395da71e0254c5552b2aad2a18b5441",
                "sha256:2d8adfca843bc46ac199a4645233f13abf2011a0b2f4affc5c37cd552626f27b",
                "sha256:301e408a052fdcda5cdcf03021ebafc3c6ea093021bf9d1aa47c54d48bdad166",
                "sha256:311283acf880cfcc20369201bd75da907909afc4666966c7895cbed6f9d2c640",
                "sha256:341dddcfe3b7b6427a28a27baa59af5ad51baa59bfec3264f1ab287aa3b30b13",
                "sha256:3a5098df115340fb17fc93867317a947e1dcd978c3888c5ddb118366095851f8",
                "sha256:3c978544be9e04ed12016dd295a74283773149b48f507d69b36f91aa90a643e5",
                "sha256:3d893b0871322eaa2f8c7072cdb552d8e2b27645b7875a70833c31e9274d4611",
                "sha256:4fe6a006557b87b352c04596a6e3f12a57d6e5f401d804947bd3188e6b0e0e76",
                "sha256:507c05c7a37b3683eb08a3ff993bd1ee1e6c752f77c2f275260533b265ecdb6c",
                "sha256:58ca1d7c8aef6e996112d0ce873ac9dfa1eaf4a1196b4ff7ff73880a09923ba7",
                "sha256:61bada43d494515d5b122f4532af226fdb5ee08fe5b5918b111279843dc6836a",
                "sha256:69a5a8d71c308d7ef33ef72371c2388a90e3495dbb7993430e674006f94797d5",
                "sha256:6a5928bc6241264dce5ed509e66f33676fc97f464e7a919edc672fb5532221ee",
                "sha256:7b9d6b14fc9a4864b08d1ba57d732b248f0e482c7b2ff55c313137e3ed4d8449",
                "sha256:a7c4b701ca418cd39e28ec3b496e6388fe06de83f5f0cb74794fa31cfa384c02",
                "sha256:a7e8f6216f180f3fd4efb73de5d1eaefb5f5a1ee5b645c67333033e39440e63a",
                "sha256:b545ebadaa2b878c8630e5bcdb97fc4096e779f335fc0f943547c1c91540c815",
                "sha256:c293d3c0321996cd8ffe84215ffe5d269fd9d1d12c6f4ffe2b597a7c30d3e593",
                "sha256:c5562bcc1a9b61960fc8950ade44d00e3de28f891af0acc96307c73613d18f6e",
                "sha256:ca9c23848292c6fe0a19d212790e62f398fd9609aaa838859be8459bfbe558aa",
                "sha256:cc1b30205d138d1005adb52087ff45708febbef0e420386f58664f984ef56954",
                "sha256:dbce7adeb66b895c6aaa1fad796aaefc299ced597f6fbd9ceddb0dd735245354",
                "sha256:dc4b2fb01f1b4ddbe2453468ea0719f4dbb1f5caa712c8b21bb3dd1480cd30d9",
                "sha256:eed2afaa97ec33b4411995be12f8bdb95c87984eaa28d76cf628970c8a2d689a",
                "sha256:fc7a7d7b0ed72589fd8b8486b9b42a564f10b8762be8bd4d9df94b807af4a089"
            ],
            "markers": "python_version < '3.11' and python_version >= '3.7'",
            "version": "==1.21.5"
        },
        "onnx": {
            "hashes": [
                "sha256:0c176ef6e0c3b6bdfb69a43a66dcb8e6ba687437e302c79b4efb75027e1007dc",
                "sha256:186abf5e9189b4b011da290c6d83d5499adefac8f6a07f5d596a192b4c911098",
                "sha256:1e2f92a77d84ae84d25ac84ec84a77b53e427cc7b2eb72ed7d56f2204f885715",
                "sha256:24d73ca7dfd7e6c7339944f89554b4010719899337924fca1447d8f1b5db50d6",
                "sha256:24e654cca4c7285ea339fae15998dd33a5b9e57831d8ecb0bdb1f439c61c5736",
                "sha256:253fd36cbcfcbbbe00e55dde7a09995b22fc2cc825f6de28e5ef9c47f581f264",
                "sha256:358fc6f71841e30ca793a0c1bcd3d0b9c62e436e215773e77a301acb6106cbda",
                "sha256:38e7d106fa98921faf909c2908bfd022eb2c594ecfbd275b60f80e0161cb8476",
                "sha256:3b73128c269ef84694099dad2b06568f2672ce95761a51e0225401695dc2c136",
                "sha256:4138093cbf11e4300b7a7679aedfe1972f81abeb284a731e90dffdf3ef6c5ca3",
                "sha256:48a747b247bc626e049341b8e8c4aeac20aa2306d6b8dff9c9e53a6b14931f1e",
                "sha256:4a53055b8f13747b607dbf835914c2bd60fa7214ee719893b003ceb5fc903220",
                "sha256:526de93b57dd65b136bec85d5b4c6fa4455d6d817bb319b54797d29111b9c407",
                "sha256:57f93db536766b1dcfeee583c02bd86c9f1c9a652253bd4f9bf189a39446de1c",
                "sha256:6205849c935837a934a9ec1fd994f1e858ad7d253e02d0bacbe4add211e4255d",
                "sha256:63aee84aed68c8e14583af48c79d99405844034043dee1efbd1937a78dfa7f6b",
                "sha256:796fa0b80f108f2824cccf5c7298895a925aaea7831330a0bd720ceffc7be3c6",
                "sha256:7e59a6da6e437488059080babc9d96cde7c929cc758ffe4b0171aceaea559ada",
                "sha256:86baab35fc1a317369f2a0cd3816c0eeb9036c29f9a27ed5e8f6935e67cbf0a8",
                "sha256:898915bcba9c1d54abef00f4ea7d60e59fdb2d21d49e7493acac40c121eca4df",
                "sha256:a86e3f956e2a1d39772ae36d28c5b7f20fb6a883ae35971ada261b25548a8b32",
                "sha256:bd31e61ba95c62548543d8de2007fcb18fd2f017a9a36f712bbc08ddad1f25f4",
                "sha256:cc830b15fe11846911fdf068460fd5f20b0f711c8b4c575c68478a6bf2884304",
                "sha256:ce14dbe32a250b7691751e809c232b9a206da138ac055e24b9e60a1500b4d5b8",
                "sha256:d0a3951276ac83fde93632303ad0b3b69e10894b69b7fe5eab0361e4f4212627"
            ],
            "version": "==1.10.2"
        },
        "onnxoptimizer": {
            "hashes": [
                "sha256:0c05bbf023af64394394e3c98597b45785634cbd4ea5d80b2f15134889d6239c",
                "sha256:2e98f9f915929397eec5e98cf3ad217a2a56cf77d5b9f06b7878a2672bff6c20",
                "sha256:4ba0d23a9f580f3579079e226f1e75ff9e3d2d6011ca71b9f6e4cbfd6a2d2113",
                "sha256:5c4338ffbcb29ee5e7bccec01fa60b72528a495d680f30203be0c06fbb34949c",
                "sha256:7557b4a22b656c46956a21ac806ac18b5889a2b0447fbaf65e37881dac1ff97c",
                "sha256:870bf2741716e2be4bd24a46de2fb27ffbe5ee215df3f891f531f747d19e398b",
                "sha256:9a9bbbaf58c739d68ec88f50d6f667cb131ccbafa6b0f91d0aee5886b1ce8a03",
                "sha256:b12a06ce647d9827553bf07070327de236b1f8b547fe6896755ae775ddc11f94",
                "sha256:c4e6573a981949cc662e425c503e4d69440a02d5512a7693701ef1da1cbb0a33",
                "sha256:cb751d8b44cef3099d5c2ccfadeb772ab9c56d300fd9dfa1fdaa3cf71e279b77",
                "sha256:eebfb8a63eb0d8710ce116b72b78ec20b04b4997b673ec02dccee0e54fe4869b",
                "sha256:f2978ef9fac7fd99c01ecef8fb7981a695f91eb2251d73ac25eeba57672e41fe"
            ],
            "index": "pypi",
            "version": "==0.2.6"
        },
        "protobuf": {
            "hashes": [
                "sha256:038daf4fa38a7e818dd61f51f22588d61755160a98db087a046f80d66b855942",
                "sha256:28ccea56d4dc38d35cd70c43c2da2f40ac0be0a355ef882242e8586c6d66666f",
                "sha256:36d90676d6f426718463fe382ec6274909337ca6319d375eebd2044e6c6ac560",
                "sha256:3cd0458870ea7d1c58e948ac8078f6ba8a7ecc44a57e03032ed066c5bb318089",
                "sha256:5935c8ce02e3d89c7900140a8a42b35bc037ec07a6aeb61cc108be8d3c9438a6",
                "sha256:615b426a177780ce381ecd212edc1e0f70db8557ed72560b82096bd36b01bc04",
                "sha256:62a8e4baa9cb9e064eb62d1002eca820857ab2138440cb4b3ea4243830f94ca7",
                "sha256:655264ed0d0efe47a523e2255fc1106a22f6faab7cc46cfe99b5bae085c2a13e",
                "sha256:6e8ea9173403219239cdfd8d946ed101f2ab6ecc025b0fda0c6c713c35c9981d",
                "sha256:71b0250b0cfb738442d60cab68abc166de43411f2a4f791d31378590bfb71bd7",
                "sha256:74f33edeb4f3b7ed13d567881da8e5a92a72b36495d57d696c2ea1ae0cfee80c",
                "sha256:77d2fadcf369b3f22859ab25bd12bb8e98fb11e05d9ff9b7cd45b711c719c002",
                "sha256:8b30a7de128c46b5ecb343917d9fa737612a6e8280f440874e5cc2ba0d79b8f6",
                "sha256:8e51561d72efd5bd5c91490af1f13e32bcba8dab4643761eb7de3ce18e64a853",
                "sha256:a529e7df52204565bcd33738a7a5f288f3d2d37d86caa5d78c458fa5fabbd54d",
                "sha256:b691d996c6d0984947c4cf8b7ae2fe372d99b32821d0584f0b90277aa36982d3",
                "sha256:d80f80eb175bf5f1169139c2e0c5ada98b1c098e2b3c3736667f28cbbea39fc8",
                "sha256:d83e1ef8cb74009bebee3e61cc84b1c9cd04935b72bca0cbc83217d140424995",
                "sha256:d8919368410110633717c406ab5c97e8df5ce93020cfcf3012834f28b1fab1ea",
                "sha256:db3532d9f7a6ebbe2392041350437953b6d7a792de10e629c1e4f5a6b1fe1ac6",
                "sha256:e7b24c11df36ee8e0c085e5b0dc560289e4b58804746fb487287dda51410f1e2",
                "sha256:e7e8d2c20921f8da0dea277dfefc6abac05903ceac8e72839b2da519db69206b",
                "sha256:e813b1c9006b6399308e917ac5d298f345d95bb31f46f02b60cd92970a9afa17",
                "sha256:fd390367fc211cc0ffcf3a9e149dfeca78fecc62adb911371db0cec5c8b7472d"
            ],
            "markers": "python_version >= '3.5'",
            "version": "==3.19.1"
        },
        "six": {
            "hashes": [
                "sha256:1e61c37477a1626458e36f7b1d82aa5c9b094fa4802892072e49de9c60c4c926",
                "sha256:8abb2f1d86890a2dfb989f9a77cfcfd3e47c2a354b01111771326f8aa26e0254"
            ],
            "markers": "python_version >= '2.7' and python_version not in '3.0, 3.1, 3.2'",
            "version": "==1.16.0"
        },
        "typing-extensions": {
            "hashes": [
                "sha256:4ca091dea149f945ec56afb48dae714f21e8692ef22a395223bcd328961b6a0e",
                "sha256:7f001e5ac290a0c0401508864c7ec868be4e701886d5b573a9528ed3973d9d3b"
            ],
            "markers": "python_version >= '3.6'",
            "version": "==4.0.1"
        }
    },
    "develop": {
        "certifi": {
            "hashes": [
                "sha256:78884e7c1d4b00ce3cea67b44566851c4343c120abd683433ce934a68ea58872",
                "sha256:d62a0163eb4c2344ac042ab2bdf75399a71a2d8c7d47eac2e2ee91b9d6339569"
            ],
            "version": "==2021.10.8"
        },
        "distlib": {
            "hashes": [
                "sha256:6564fe0a8f51e734df6333d08b8b94d4ea8ee6b99b5ed50613f731fd4089f34b",
                "sha256:e4b58818180336dc9c529bfb9a0b58728ffc09ad92027a3f30b7cd91e3458579"
            ],
            "version": "==0.3.4"
        },
        "filelock": {
            "hashes": [
                "sha256:38b4f4c989f9d06d44524df1b24bd19e167d851f19b50bf3e3559952dddc5b80",
                "sha256:cf0fc6a2f8d26bd900f19bf33915ca70ba4dd8c56903eeb14e1e7a2fd7590146"
            ],
            "markers": "python_version >= '3.7'",
            "version": "==3.4.2"
        },
        "pip": {
            "hashes": [
                "sha256:deaf32dcd9ab821e359cd8330786bcd077604b5c5730c0b096eda46f95c24a2d",
                "sha256:fd11ba3d0fdb4c07fbc5ecbba0b1b719809420f25038f8ee3cd913d3faa3033a"
            ],
            "markers": "python_version >= '3.6'",
            "version": "==21.3.1"
        },
        "pipenv": {
            "hashes": [
                "sha256:10ee98b58399e9bace042f3dc9644fdfc9f1a27f0a17a03642b7d24e533ee0ac",
                "sha256:1bde859e8bbd1d21d503fd995bc0170048d6da7686ab885f074592c99a16e8f3"
            ],
            "index": "pypi",
            "version": "==2021.11.23"
        },
        "platformdirs": {
            "hashes": [
                "sha256:1d7385c7db91728b83efd0ca99a5afb296cab9d0ed8313a45ed8ba17967ecfca",
                "sha256:440633ddfebcc36264232365d7840a970e75e1018d15b4327d11f91909045fda"
            ],
            "markers": "python_version >= '3.7'",
            "version": "==2.4.1"
        },
        "setuptools": {
            "hashes": [
                "sha256:a4377723c53721515f72a3dfc1bfacdcd61edfa19a4cccf82e72e4f50d9cecbd",
                "sha256:ad0ea3d172404abb14d8f7bd7f54f2ccd4ed9dd00c9da0b1398862e69eb22c03"
            ],
            "markers": "python_version >= '3.7'",
            "version": "==60.1.0"
        },
        "six": {
            "hashes": [
                "sha256:1e61c37477a1626458e36f7b1d82aa5c9b094fa4802892072e49de9c60c4c926",
                "sha256:8abb2f1d86890a2dfb989f9a77cfcfd3e47c2a354b01111771326f8aa26e0254"
            ],
            "markers": "python_version >= '2.7' and python_version not in '3.0, 3.1, 3.2'",
            "version": "==1.16.0"
        },
        "virtualenv": {
            "hashes": [
                "sha256:2f15b9226cb74b59c21e8236dd791c395bee08cdd33b99cddd18e1f866cdb098",
                "sha256:eb0cb34160f32c6596405308ee6a8a4abbf3247b2b9794ae655a156d43abf48e"
            ],
            "markers": "python_version >= '2.7' and python_version not in '3.0, 3.1, 3.2, 3.3, 3.4'",
            "version": "==20.11.0"
        },
        "virtualenv-clone": {
            "hashes": [
                "sha256:418ee935c36152f8f153c79824bb93eaf6f0f7984bae31d3f48f350b9183501a",
                "sha256:44d5263bceed0bac3e1424d64f798095233b64def1c5689afa43dc3223caf5b0"
            ],
            "markers": "python_version >= '2.7' and python_version not in '3.0, 3.1, 3.2, 3.3'",
            "version": "==0.5.7"
        },
        "wheel": {
            "hashes": [
                "sha256:4bdcd7d840138086126cd09254dc6195fb4fc6f01c050a1d7236f2630db1d22a",
                "sha256:e9a504e793efbca1b8e0e9cb979a249cf4a0a7b5b8c9e8b65a5e39d49529c1c4"
            ],
            "index": "pypi",
            "version": "==0.37.1"
        }
    }
}
